// !$*UTF8*$!
{
	archiveVersion = 1;
	classes = {
	};
	objectVersion = 56;
	objects = {

/* Begin PBXBuildFile section */
		B85C6D9E2A40A26400C75377 /* AppDelegate.swift in Sources */ = {isa = PBXBuildFile; fileRef = B85C6D9D2A40A26400C75377 /* AppDelegate.swift */; };
		B85C6DA02A40A26400C75377 /* SceneDelegate.swift in Sources */ = {isa = PBXBuildFile; fileRef = B85C6D9F2A40A26400C75377 /* SceneDelegate.swift */; };
		B85C6DA22A40A26400C75377 /* ViewController.swift in Sources */ = {isa = PBXBuildFile; fileRef = B85C6DA12A40A26400C75377 /* ViewController.swift */; };
		B85C6DA52A40A26400C75377 /* Main.storyboard in Resources */ = {isa = PBXBuildFile; fileRef = B85C6DA32A40A26400C75377 /* Main.storyboard */; };
		B85C6DA72A40A26600C75377 /* Assets.xcassets in Resources */ = {isa = PBXBuildFile; fileRef = B85C6DA62A40A26600C75377 /* Assets.xcassets */; };
		B85C6DAA2A40A26600C75377 /* LaunchScreen.storyboard in Resources */ = {isa = PBXBuildFile; fileRef = B85C6DA82A40A26600C75377 /* LaunchScreen.storyboard */; };
		B85C6DB52A40A26600C75377 /* EssentialFeedTests.swift in Sources */ = {isa = PBXBuildFile; fileRef = B85C6DB42A40A26600C75377 /* EssentialFeedTests.swift */; };
		B85C6DBF2A40A26600C75377 /* EssentialFeedUITests.swift in Sources */ = {isa = PBXBuildFile; fileRef = B85C6DBE2A40A26600C75377 /* EssentialFeedUITests.swift */; };
		B85C6DC12A40A26600C75377 /* EssentialFeedUITestsLaunchTests.swift in Sources */ = {isa = PBXBuildFile; fileRef = B85C6DC02A40A26600C75377 /* EssentialFeedUITestsLaunchTests.swift */; };
		B85C6DCE2A40A27300C75377 /* FeedItem.swift in Sources */ = {isa = PBXBuildFile; fileRef = B85C6DCD2A40A27300C75377 /* FeedItem.swift */; };
		B85C6DD02A40A28400C75377 /* FeedLoader.swift in Sources */ = {isa = PBXBuildFile; fileRef = B85C6DCF2A40A28400C75377 /* FeedLoader.swift */; };
		B85C6DD32A40A31300C75377 /* RemoteFeedLoaderTests.swift in Sources */ = {isa = PBXBuildFile; fileRef = B85C6DD22A40A31300C75377 /* RemoteFeedLoaderTests.swift */; };
		B89377C12AA9A9B600A052C1 /* HTTPClient.swift in Sources */ = {isa = PBXBuildFile; fileRef = B89377C02AA9A9B600A052C1 /* HTTPClient.swift */; };
		B89377C32AA9AA0B00A052C1 /* FeedItemsMapper.swift in Sources */ = {isa = PBXBuildFile; fileRef = B89377C22AA9AA0B00A052C1 /* FeedItemsMapper.swift */; };
		B8B062292A61462A0020339B /* RemoteFeedLoader.swift in Sources */ = {isa = PBXBuildFile; fileRef = B8B062282A61462A0020339B /* RemoteFeedLoader.swift */; };
/* End PBXBuildFile section */

/* Begin PBXContainerItemProxy section */
		B85C6DB12A40A26600C75377 /* PBXContainerItemProxy */ = {
			isa = PBXContainerItemProxy;
			containerPortal = B85C6D922A40A26400C75377 /* Project object */;
			proxyType = 1;
			remoteGlobalIDString = B85C6D992A40A26400C75377;
			remoteInfo = EssentialFeed;
		};
		B85C6DBB2A40A26600C75377 /* PBXContainerItemProxy */ = {
			isa = PBXContainerItemProxy;
			containerPortal = B85C6D922A40A26400C75377 /* Project object */;
			proxyType = 1;
			remoteGlobalIDString = B85C6D992A40A26400C75377;
			remoteInfo = EssentialFeed;
		};
/* End PBXContainerItemProxy section */

/* Begin PBXFileReference section */
		B85C6D9A2A40A26400C75377 /* EssentialFeed.app */ = {isa = PBXFileReference; explicitFileType = wrapper.application; includeInIndex = 0; path = EssentialFeed.app; sourceTree = BUILT_PRODUCTS_DIR; };
		B85C6D9D2A40A26400C75377 /* AppDelegate.swift */ = {isa = PBXFileReference; lastKnownFileType = sourcecode.swift; path = AppDelegate.swift; sourceTree = "<group>"; };
		B85C6D9F2A40A26400C75377 /* SceneDelegate.swift */ = {isa = PBXFileReference; lastKnownFileType = sourcecode.swift; path = SceneDelegate.swift; sourceTree = "<group>"; };
		B85C6DA12A40A26400C75377 /* ViewController.swift */ = {isa = PBXFileReference; lastKnownFileType = sourcecode.swift; path = ViewController.swift; sourceTree = "<group>"; };
		B85C6DA42A40A26400C75377 /* Base */ = {isa = PBXFileReference; lastKnownFileType = file.storyboard; name = Base; path = Base.lproj/Main.storyboard; sourceTree = "<group>"; };
		B85C6DA62A40A26600C75377 /* Assets.xcassets */ = {isa = PBXFileReference; lastKnownFileType = folder.assetcatalog; path = Assets.xcassets; sourceTree = "<group>"; };
		B85C6DA92A40A26600C75377 /* Base */ = {isa = PBXFileReference; lastKnownFileType = file.storyboard; name = Base; path = Base.lproj/LaunchScreen.storyboard; sourceTree = "<group>"; };
		B85C6DAB2A40A26600C75377 /* Info.plist */ = {isa = PBXFileReference; lastKnownFileType = text.plist.xml; path = Info.plist; sourceTree = "<group>"; };
		B85C6DB02A40A26600C75377 /* EssentialFeedTests.xctest */ = {isa = PBXFileReference; explicitFileType = wrapper.cfbundle; includeInIndex = 0; path = EssentialFeedTests.xctest; sourceTree = BUILT_PRODUCTS_DIR; };
		B85C6DB42A40A26600C75377 /* EssentialFeedTests.swift */ = {isa = PBXFileReference; lastKnownFileType = sourcecode.swift; path = EssentialFeedTests.swift; sourceTree = "<group>"; };
		B85C6DBA2A40A26600C75377 /* EssentialFeedUITests.xctest */ = {isa = PBXFileReference; explicitFileType = wrapper.cfbundle; includeInIndex = 0; path = EssentialFeedUITests.xctest; sourceTree = BUILT_PRODUCTS_DIR; };
		B85C6DBE2A40A26600C75377 /* EssentialFeedUITests.swift */ = {isa = PBXFileReference; lastKnownFileType = sourcecode.swift; path = EssentialFeedUITests.swift; sourceTree = "<group>"; };
		B85C6DC02A40A26600C75377 /* EssentialFeedUITestsLaunchTests.swift */ = {isa = PBXFileReference; lastKnownFileType = sourcecode.swift; path = EssentialFeedUITestsLaunchTests.swift; sourceTree = "<group>"; };
		B85C6DCD2A40A27300C75377 /* FeedItem.swift */ = {isa = PBXFileReference; lastKnownFileType = sourcecode.swift; path = FeedItem.swift; sourceTree = "<group>"; };
		B85C6DCF2A40A28400C75377 /* FeedLoader.swift */ = {isa = PBXFileReference; lastKnownFileType = sourcecode.swift; path = FeedLoader.swift; sourceTree = "<group>"; };
		B85C6DD22A40A31300C75377 /* RemoteFeedLoaderTests.swift */ = {isa = PBXFileReference; lastKnownFileType = sourcecode.swift; path = RemoteFeedLoaderTests.swift; sourceTree = "<group>"; };
		B89377C02AA9A9B600A052C1 /* HTTPClient.swift */ = {isa = PBXFileReference; lastKnownFileType = sourcecode.swift; path = HTTPClient.swift; sourceTree = "<group>"; };
		B89377C22AA9AA0B00A052C1 /* FeedItemsMapper.swift */ = {isa = PBXFileReference; lastKnownFileType = sourcecode.swift; path = FeedItemsMapper.swift; sourceTree = "<group>"; };
		B8B062282A61462A0020339B /* RemoteFeedLoader.swift */ = {isa = PBXFileReference; lastKnownFileType = sourcecode.swift; path = RemoteFeedLoader.swift; sourceTree = "<group>"; };
/* End PBXFileReference section */

/* Begin PBXFrameworksBuildPhase section */
		B85C6D972A40A26400C75377 /* Frameworks */ = {
			isa = PBXFrameworksBuildPhase;
			buildActionMask = 2147483647;
			files = (
			);
			runOnlyForDeploymentPostprocessing = 0;
		};
		B85C6DAD2A40A26600C75377 /* Frameworks */ = {
			isa = PBXFrameworksBuildPhase;
			buildActionMask = 2147483647;
			files = (
			);
			runOnlyForDeploymentPostprocessing = 0;
		};
		B85C6DB72A40A26600C75377 /* Frameworks */ = {
			isa = PBXFrameworksBuildPhase;
			buildActionMask = 2147483647;
			files = (
			);
			runOnlyForDeploymentPostprocessing = 0;
		};
/* End PBXFrameworksBuildPhase section */

/* Begin PBXGroup section */
		B85C6D912A40A26400C75377 = {
			isa = PBXGroup;
			children = (
				B85C6D9C2A40A26400C75377 /* EssentialFeed */,
				B85C6DB32A40A26600C75377 /* EssentialFeedTests */,
				B85C6DBD2A40A26600C75377 /* EssentialFeedUITests */,
				B85C6D9B2A40A26400C75377 /* Products */,
			);
			sourceTree = "<group>";
		};
		B85C6D9B2A40A26400C75377 /* Products */ = {
			isa = PBXGroup;
			children = (
				B85C6D9A2A40A26400C75377 /* EssentialFeed.app */,
				B85C6DB02A40A26600C75377 /* EssentialFeedTests.xctest */,
				B85C6DBA2A40A26600C75377 /* EssentialFeedUITests.xctest */,
			);
			name = Products;
			sourceTree = "<group>";
		};
		B85C6D9C2A40A26400C75377 /* EssentialFeed */ = {
			isa = PBXGroup;
			children = (
				B8B062272A6146150020339B /* FeedAPI */,
				B85C6DD12A40A2EF00C75377 /* Feed Feature */,
				B85C6D9D2A40A26400C75377 /* AppDelegate.swift */,
				B85C6D9F2A40A26400C75377 /* SceneDelegate.swift */,
				B85C6DA12A40A26400C75377 /* ViewController.swift */,
				B85C6DA32A40A26400C75377 /* Main.storyboard */,
				B85C6DA62A40A26600C75377 /* Assets.xcassets */,
				B85C6DA82A40A26600C75377 /* LaunchScreen.storyboard */,
				B85C6DAB2A40A26600C75377 /* Info.plist */,
			);
			path = EssentialFeed;
			sourceTree = "<group>";
		};
		B85C6DB32A40A26600C75377 /* EssentialFeedTests */ = {
			isa = PBXGroup;
			children = (
				B85C6DB42A40A26600C75377 /* EssentialFeedTests.swift */,
				B85C6DD22A40A31300C75377 /* RemoteFeedLoaderTests.swift */,
			);
			path = EssentialFeedTests;
			sourceTree = "<group>";
		};
		B85C6DBD2A40A26600C75377 /* EssentialFeedUITests */ = {
			isa = PBXGroup;
			children = (
				B85C6DBE2A40A26600C75377 /* EssentialFeedUITests.swift */,
				B85C6DC02A40A26600C75377 /* EssentialFeedUITestsLaunchTests.swift */,
			);
			path = EssentialFeedUITests;
			sourceTree = "<group>";
		};
		B85C6DD12A40A2EF00C75377 /* Feed Feature */ = {
			isa = PBXGroup;
			children = (
				B85C6DCD2A40A27300C75377 /* FeedItem.swift */,
				B85C6DCF2A40A28400C75377 /* FeedLoader.swift */,
			);
			path = "Feed Feature";
			sourceTree = "<group>";
		};
		B8B062272A6146150020339B /* FeedAPI */ = {
			isa = PBXGroup;
			children = (
				B8B062282A61462A0020339B /* RemoteFeedLoader.swift */,
				B89377C02AA9A9B600A052C1 /* HTTPClient.swift */,
				B89377C22AA9AA0B00A052C1 /* FeedItemsMapper.swift */,
			);
			path = FeedAPI;
			sourceTree = "<group>";
		};
/* End PBXGroup section */

/* Begin PBXNativeTarget section */
		B85C6D992A40A26400C75377 /* EssentialFeed */ = {
			isa = PBXNativeTarget;
			buildConfigurationList = B85C6DC42A40A26600C75377 /* Build configuration list for PBXNativeTarget "EssentialFeed" */;
			buildPhases = (
				B85C6D962A40A26400C75377 /* Sources */,
				B85C6D972A40A26400C75377 /* Frameworks */,
				B85C6D982A40A26400C75377 /* Resources */,
			);
			buildRules = (
			);
			dependencies = (
			);
			name = EssentialFeed;
			productName = EssentialFeed;
			productReference = B85C6D9A2A40A26400C75377 /* EssentialFeed.app */;
			productType = "com.apple.product-type.application";
		};
		B85C6DAF2A40A26600C75377 /* EssentialFeedTests */ = {
			isa = PBXNativeTarget;
			buildConfigurationList = B85C6DC72A40A26600C75377 /* Build configuration list for PBXNativeTarget "EssentialFeedTests" */;
			buildPhases = (
				B85C6DAC2A40A26600C75377 /* Sources */,
				B85C6DAD2A40A26600C75377 /* Frameworks */,
				B85C6DAE2A40A26600C75377 /* Resources */,
			);
			buildRules = (
			);
			dependencies = (
				B85C6DB22A40A26600C75377 /* PBXTargetDependency */,
			);
			name = EssentialFeedTests;
			productName = EssentialFeedTests;
			productReference = B85C6DB02A40A26600C75377 /* EssentialFeedTests.xctest */;
			productType = "com.apple.product-type.bundle.unit-test";
		};
		B85C6DB92A40A26600C75377 /* EssentialFeedUITests */ = {
			isa = PBXNativeTarget;
			buildConfigurationList = B85C6DCA2A40A26600C75377 /* Build configuration list for PBXNativeTarget "EssentialFeedUITests" */;
			buildPhases = (
				B85C6DB62A40A26600C75377 /* Sources */,
				B85C6DB72A40A26600C75377 /* Frameworks */,
				B85C6DB82A40A26600C75377 /* Resources */,
			);
			buildRules = (
			);
			dependencies = (
				B85C6DBC2A40A26600C75377 /* PBXTargetDependency */,
			);
			name = EssentialFeedUITests;
			productName = EssentialFeedUITests;
			productReference = B85C6DBA2A40A26600C75377 /* EssentialFeedUITests.xctest */;
			productType = "com.apple.product-type.bundle.ui-testing";
		};
/* End PBXNativeTarget section */

/* Begin PBXProject section */
		B85C6D922A40A26400C75377 /* Project object */ = {
			isa = PBXProject;
			attributes = {
				BuildIndependentTargetsInParallel = 1;
				LastSwiftUpdateCheck = 1410;
				LastUpgradeCheck = 1410;
				TargetAttributes = {
					B85C6D992A40A26400C75377 = {
						CreatedOnToolsVersion = 14.1;
					};
					B85C6DAF2A40A26600C75377 = {
						CreatedOnToolsVersion = 14.1;
						TestTargetID = B85C6D992A40A26400C75377;
					};
					B85C6DB92A40A26600C75377 = {
						CreatedOnToolsVersion = 14.1;
						TestTargetID = B85C6D992A40A26400C75377;
					};
				};
			};
			buildConfigurationList = B85C6D952A40A26400C75377 /* Build configuration list for PBXProject "EssentialFeed" */;
			compatibilityVersion = "Xcode 14.0";
			developmentRegion = en;
			hasScannedForEncodings = 0;
			knownRegions = (
				en,
				Base,
			);
			mainGroup = B85C6D912A40A26400C75377;
			productRefGroup = B85C6D9B2A40A26400C75377 /* Products */;
			projectDirPath = "";
			projectRoot = "";
			targets = (
				B85C6D992A40A26400C75377 /* EssentialFeed */,
				B85C6DAF2A40A26600C75377 /* EssentialFeedTests */,
				B85C6DB92A40A26600C75377 /* EssentialFeedUITests */,
			);
		};
/* End PBXProject section */

/* Begin PBXResourcesBuildPhase section */
		B85C6D982A40A26400C75377 /* Resources */ = {
			isa = PBXResourcesBuildPhase;
			buildActionMask = 2147483647;
			files = (
				B85C6DAA2A40A26600C75377 /* LaunchScreen.storyboard in Resources */,
				B85C6DA72A40A26600C75377 /* Assets.xcassets in Resources */,
				B85C6DA52A40A26400C75377 /* Main.storyboard in Resources */,
			);
			runOnlyForDeploymentPostprocessing = 0;
		};
		B85C6DAE2A40A26600C75377 /* Resources */ = {
			isa = PBXResourcesBuildPhase;
			buildActionMask = 2147483647;
			files = (
			);
			runOnlyForDeploymentPostprocessing = 0;
		};
		B85C6DB82A40A26600C75377 /* Resources */ = {
			isa = PBXResourcesBuildPhase;
			buildActionMask = 2147483647;
			files = (
			);
			runOnlyForDeploymentPostprocessing = 0;
		};
/* End PBXResourcesBuildPhase section */

/* Begin PBXSourcesBuildPhase section */
		B85C6D962A40A26400C75377 /* Sources */ = {
			isa = PBXSourcesBuildPhase;
			buildActionMask = 2147483647;
			files = (
				B85C6DCE2A40A27300C75377 /* FeedItem.swift in Sources */,
				B85C6DA22A40A26400C75377 /* ViewController.swift in Sources */,
				B85C6D9E2A40A26400C75377 /* AppDelegate.swift in Sources */,
				B89377C32AA9AA0B00A052C1 /* FeedItemsMapper.swift in Sources */,
				B89377C12AA9A9B600A052C1 /* HTTPClient.swift in Sources */,
				B85C6DD02A40A28400C75377 /* FeedLoader.swift in Sources */,
				B8B062292A61462A0020339B /* RemoteFeedLoader.swift in Sources */,
				B85C6DA02A40A26400C75377 /* SceneDelegate.swift in Sources */,
			);
			runOnlyForDeploymentPostprocessing = 0;
		};
		B85C6DAC2A40A26600C75377 /* Sources */ = {
			isa = PBXSourcesBuildPhase;
			buildActionMask = 2147483647;
			files = (
				B85C6DD32A40A31300C75377 /* RemoteFeedLoaderTests.swift in Sources */,
				B85C6DB52A40A26600C75377 /* EssentialFeedTests.swift in Sources */,
			);
			runOnlyForDeploymentPostprocessing = 0;
		};
		B85C6DB62A40A26600C75377 /* Sources */ = {
			isa = PBXSourcesBuildPhase;
			buildActionMask = 2147483647;
			files = (
				B85C6DBF2A40A26600C75377 /* EssentialFeedUITests.swift in Sources */,
				B85C6DC12A40A26600C75377 /* EssentialFeedUITestsLaunchTests.swift in Sources */,
			);
			runOnlyForDeploymentPostprocessing = 0;
		};
/* End PBXSourcesBuildPhase section */

/* Begin PBXTargetDependency section */
		B85C6DB22A40A26600C75377 /* PBXTargetDependency */ = {
			isa = PBXTargetDependency;
			target = B85C6D992A40A26400C75377 /* EssentialFeed */;
			targetProxy = B85C6DB12A40A26600C75377 /* PBXContainerItemProxy */;
		};
		B85C6DBC2A40A26600C75377 /* PBXTargetDependency */ = {
			isa = PBXTargetDependency;
			target = B85C6D992A40A26400C75377 /* EssentialFeed */;
			targetProxy = B85C6DBB2A40A26600C75377 /* PBXContainerItemProxy */;
		};
/* End PBXTargetDependency section */

/* Begin PBXVariantGroup section */
		B85C6DA32A40A26400C75377 /* Main.storyboard */ = {
			isa = PBXVariantGroup;
			children = (
				B85C6DA42A40A26400C75377 /* Base */,
			);
			name = Main.storyboard;
			sourceTree = "<group>";
		};
		B85C6DA82A40A26600C75377 /* LaunchScreen.storyboard */ = {
			isa = PBXVariantGroup;
			children = (
				B85C6DA92A40A26600C75377 /* Base */,
			);
			name = LaunchScreen.storyboard;
			sourceTree = "<group>";
		};
/* End PBXVariantGroup section */

/* Begin XCBuildConfiguration section */
		B85C6DC22A40A26600C75377 /* Debug */ = {
			isa = XCBuildConfiguration;
			buildSettings = {
				ALWAYS_SEARCH_USER_PATHS = NO;
				CLANG_ANALYZER_NONNULL = YES;
				CLANG_ANALYZER_NUMBER_OBJECT_CONVERSION = YES_AGGRESSIVE;
				CLANG_CXX_LANGUAGE_STANDARD = "gnu++20";
				CLANG_ENABLE_MODULES = YES;
				CLANG_ENABLE_OBJC_ARC = YES;
				CLANG_ENABLE_OBJC_WEAK = YES;
				CLANG_WARN_BLOCK_CAPTURE_AUTORELEASING = YES;
				CLANG_WARN_BOOL_CONVERSION = YES;
				CLANG_WARN_COMMA = YES;
				CLANG_WARN_CONSTANT_CONVERSION = YES;
				CLANG_WARN_DEPRECATED_OBJC_IMPLEMENTATIONS = YES;
				CLANG_WARN_DIRECT_OBJC_ISA_USAGE = YES_ERROR;
				CLANG_WARN_DOCUMENTATION_COMMENTS = YES;
				CLANG_WARN_EMPTY_BODY = YES;
				CLANG_WARN_ENUM_CONVERSION = YES;
				CLANG_WARN_INFINITE_RECURSION = YES;
				CLANG_WARN_INT_CONVERSION = YES;
				CLANG_WARN_NON_LITERAL_NULL_CONVERSION = YES;
				CLANG_WARN_OBJC_IMPLICIT_RETAIN_SELF = YES;
				CLANG_WARN_OBJC_LITERAL_CONVERSION = YES;
				CLANG_WARN_OBJC_ROOT_CLASS = YES_ERROR;
				CLANG_WARN_QUOTED_INCLUDE_IN_FRAMEWORK_HEADER = YES;
				CLANG_WARN_RANGE_LOOP_ANALYSIS = YES;
				CLANG_WARN_STRICT_PROTOTYPES = YES;
				CLANG_WARN_SUSPICIOUS_MOVE = YES;
				CLANG_WARN_UNGUARDED_AVAILABILITY = YES_AGGRESSIVE;
				CLANG_WARN_UNREACHABLE_CODE = YES;
				CLANG_WARN__DUPLICATE_METHOD_MATCH = YES;
				COPY_PHASE_STRIP = NO;
				DEBUG_INFORMATION_FORMAT = dwarf;
				ENABLE_STRICT_OBJC_MSGSEND = YES;
				ENABLE_TESTABILITY = YES;
				GCC_C_LANGUAGE_STANDARD = gnu11;
				GCC_DYNAMIC_NO_PIC = NO;
				GCC_NO_COMMON_BLOCKS = YES;
				GCC_OPTIMIZATION_LEVEL = 0;
				GCC_PREPROCESSOR_DEFINITIONS = (
					"DEBUG=1",
					"$(inherited)",
				);
				GCC_WARN_64_TO_32_BIT_CONVERSION = YES;
				GCC_WARN_ABOUT_RETURN_TYPE = YES_ERROR;
				GCC_WARN_UNDECLARED_SELECTOR = YES;
				GCC_WARN_UNINITIALIZED_AUTOS = YES_AGGRESSIVE;
				GCC_WARN_UNUSED_FUNCTION = YES;
				GCC_WARN_UNUSED_VARIABLE = YES;
				IPHONEOS_DEPLOYMENT_TARGET = 16.1;
				MTL_ENABLE_DEBUG_INFO = INCLUDE_SOURCE;
				MTL_FAST_MATH = YES;
				ONLY_ACTIVE_ARCH = YES;
				SDKROOT = iphoneos;
				SWIFT_ACTIVE_COMPILATION_CONDITIONS = DEBUG;
				SWIFT_OPTIMIZATION_LEVEL = "-Onone";
			};
			name = Debug;
		};
		B85C6DC32A40A26600C75377 /* Release */ = {
			isa = XCBuildConfiguration;
			buildSettings = {
				ALWAYS_SEARCH_USER_PATHS = NO;
				CLANG_ANALYZER_NONNULL = YES;
				CLANG_ANALYZER_NUMBER_OBJECT_CONVERSION = YES_AGGRESSIVE;
				CLANG_CXX_LANGUAGE_STANDARD = "gnu++20";
				CLANG_ENABLE_MODULES = YES;
				CLANG_ENABLE_OBJC_ARC = YES;
				CLANG_ENABLE_OBJC_WEAK = YES;
				CLANG_WARN_BLOCK_CAPTURE_AUTORELEASING = YES;
				CLANG_WARN_BOOL_CONVERSION = YES;
				CLANG_WARN_COMMA = YES;
				CLANG_WARN_CONSTANT_CONVERSION = YES;
				CLANG_WARN_DEPRECATED_OBJC_IMPLEMENTATIONS = YES;
				CLANG_WARN_DIRECT_OBJC_ISA_USAGE = YES_ERROR;
				CLANG_WARN_DOCUMENTATION_COMMENTS = YES;
				CLANG_WARN_EMPTY_BODY = YES;
				CLANG_WARN_ENUM_CONVERSION = YES;
				CLANG_WARN_INFINITE_RECURSION = YES;
				CLANG_WARN_INT_CONVERSION = YES;
				CLANG_WARN_NON_LITERAL_NULL_CONVERSION = YES;
				CLANG_WARN_OBJC_IMPLICIT_RETAIN_SELF = YES;
				CLANG_WARN_OBJC_LITERAL_CONVERSION = YES;
				CLANG_WARN_OBJC_ROOT_CLASS = YES_ERROR;
				CLANG_WARN_QUOTED_INCLUDE_IN_FRAMEWORK_HEADER = YES;
				CLANG_WARN_RANGE_LOOP_ANALYSIS = YES;
				CLANG_WARN_STRICT_PROTOTYPES = YES;
				CLANG_WARN_SUSPICIOUS_MOVE = YES;
				CLANG_WARN_UNGUARDED_AVAILABILITY = YES_AGGRESSIVE;
				CLANG_WARN_UNREACHABLE_CODE = YES;
				CLANG_WARN__DUPLICATE_METHOD_MATCH = YES;
				COPY_PHASE_STRIP = NO;
				DEBUG_INFORMATION_FORMAT = "dwarf-with-dsym";
				ENABLE_NS_ASSERTIONS = NO;
				ENABLE_STRICT_OBJC_MSGSEND = YES;
				GCC_C_LANGUAGE_STANDARD = gnu11;
				GCC_NO_COMMON_BLOCKS = YES;
				GCC_WARN_64_TO_32_BIT_CONVERSION = YES;
				GCC_WARN_ABOUT_RETURN_TYPE = YES_ERROR;
				GCC_WARN_UNDECLARED_SELECTOR = YES;
				GCC_WARN_UNINITIALIZED_AUTOS = YES_AGGRESSIVE;
				GCC_WARN_UNUSED_FUNCTION = YES;
				GCC_WARN_UNUSED_VARIABLE = YES;
				IPHONEOS_DEPLOYMENT_TARGET = 16.1;
				MTL_ENABLE_DEBUG_INFO = NO;
				MTL_FAST_MATH = YES;
				SDKROOT = iphoneos;
				SWIFT_COMPILATION_MODE = wholemodule;
				SWIFT_OPTIMIZATION_LEVEL = "-O";
				VALIDATE_PRODUCT = YES;
			};
			name = Release;
		};
		B85C6DC52A40A26600C75377 /* Debug */ = {
			isa = XCBuildConfiguration;
			buildSettings = {
				ASSETCATALOG_COMPILER_APPICON_NAME = AppIcon;
				ASSETCATALOG_COMPILER_GLOBAL_ACCENT_COLOR_NAME = AccentColor;
				CODE_SIGN_STYLE = Automatic;
				CURRENT_PROJECT_VERSION = 1;
				DEVELOPMENT_TEAM = B9QUW9Z84N;
				GENERATE_INFOPLIST_FILE = YES;
				INFOPLIST_FILE = EssentialFeed/Info.plist;
				INFOPLIST_KEY_UIApplicationSupportsIndirectInputEvents = YES;
				INFOPLIST_KEY_UILaunchStoryboardName = LaunchScreen;
				INFOPLIST_KEY_UIMainStoryboardFile = Main;
				INFOPLIST_KEY_UISupportedInterfaceOrientations_iPad = "UIInterfaceOrientationPortrait UIInterfaceOrientationPortraitUpsideDown UIInterfaceOrientationLandscapeLeft UIInterfaceOrientationLandscapeRight";
				INFOPLIST_KEY_UISupportedInterfaceOrientations_iPhone = "UIInterfaceOrientationPortrait UIInterfaceOrientationLandscapeLeft UIInterfaceOrientationLandscapeRight";
				LD_RUNPATH_SEARCH_PATHS = (
					"$(inherited)",
					"@executable_path/Frameworks",
				);
				MARKETING_VERSION = 1.0;
				PRODUCT_BUNDLE_IDENTIFIER = TexnoPos.EssentialFeed;
				PRODUCT_NAME = "$(TARGET_NAME)";
				SWIFT_EMIT_LOC_STRINGS = YES;
				SWIFT_VERSION = 5.0;
				TARGETED_DEVICE_FAMILY = "1,2";
			};
			name = Debug;
		};
		B85C6DC62A40A26600C75377 /* Release */ = {
			isa = XCBuildConfiguration;
			buildSettings = {
				ASSETCATALOG_COMPILER_APPICON_NAME = AppIcon;
				ASSETCATALOG_COMPILER_GLOBAL_ACCENT_COLOR_NAME = AccentColor;
				CODE_SIGN_STYLE = Automatic;
				CURRENT_PROJECT_VERSION = 1;
				DEVELOPMENT_TEAM = B9QUW9Z84N;
				GENERATE_INFOPLIST_FILE = YES;
				INFOPLIST_FILE = EssentialFeed/Info.plist;
				INFOPLIST_KEY_UIApplicationSupportsIndirectInputEvents = YES;
				INFOPLIST_KEY_UILaunchStoryboardName = LaunchScreen;
				INFOPLIST_KEY_UIMainStoryboardFile = Main;
				INFOPLIST_KEY_UISupportedInterfaceOrientations_iPad = "UIInterfaceOrientationPortrait UIInterfaceOrientationPortraitUpsideDown UIInterfaceOrientationLandscapeLeft UIInterfaceOrientationLandscapeRight";
				INFOPLIST_KEY_UISupportedInterfaceOrientations_iPhone = "UIInterfaceOrientationPortrait UIInterfaceOrientationLandscapeLeft UIInterfaceOrientationLandscapeRight";
				LD_RUNPATH_SEARCH_PATHS = (
					"$(inherited)",
					"@executable_path/Frameworks",
				);
				MARKETING_VERSION = 1.0;
				PRODUCT_BUNDLE_IDENTIFIER = TexnoPos.EssentialFeed;
				PRODUCT_NAME = "$(TARGET_NAME)";
				SWIFT_EMIT_LOC_STRINGS = YES;
				SWIFT_VERSION = 5.0;
				TARGETED_DEVICE_FAMILY = "1,2";
			};
			name = Release;
		};
		B85C6DC82A40A26600C75377 /* Debug */ = {
			isa = XCBuildConfiguration;
			buildSettings = {
				ALWAYS_EMBED_SWIFT_STANDARD_LIBRARIES = YES;
				BUNDLE_LOADER = "$(TEST_HOST)";
				CODE_SIGN_STYLE = Automatic;
				CURRENT_PROJECT_VERSION = 1;
				DEVELOPMENT_TEAM = B9QUW9Z84N;
				GENERATE_INFOPLIST_FILE = YES;
				IPHONEOS_DEPLOYMENT_TARGET = 16.1;
				MARKETING_VERSION = 1.0;
				PRODUCT_BUNDLE_IDENTIFIER = TexnoPos.EssentialFeedTests;
				PRODUCT_NAME = "$(TARGET_NAME)";
				SWIFT_EMIT_LOC_STRINGS = NO;
				SWIFT_VERSION = 5.0;
				TARGETED_DEVICE_FAMILY = "1,2";
				TEST_HOST = "$(BUILT_PRODUCTS_DIR)/EssentialFeed.app/$(BUNDLE_EXECUTABLE_FOLDER_PATH)/EssentialFeed";
			};
			name = Debug;
		};
		B85C6DC92A40A26600C75377 /* Release */ = {
			isa = XCBuildConfiguration;
			buildSettings = {
				ALWAYS_EMBED_SWIFT_STANDARD_LIBRARIES = YES;
				BUNDLE_LOADER = "$(TEST_HOST)";
				CODE_SIGN_STYLE = Automatic;
				CURRENT_PROJECT_VERSION = 1;
				DEVELOPMENT_TEAM = B9QUW9Z84N;
				GENERATE_INFOPLIST_FILE = YES;
				IPHONEOS_DEPLOYMENT_TARGET = 16.1;
				MARKETING_VERSION = 1.0;
				PRODUCT_BUNDLE_IDENTIFIER = TexnoPos.EssentialFeedTests;
				PRODUCT_NAME = "$(TARGET_NAME)";
				SWIFT_EMIT_LOC_STRINGS = NO;
				SWIFT_VERSION = 5.0;
				TARGETED_DEVICE_FAMILY = "1,2";
				TEST_HOST = "$(BUILT_PRODUCTS_DIR)/EssentialFeed.app/$(BUNDLE_EXECUTABLE_FOLDER_PATH)/EssentialFeed";
			};
			name = Release;
		};
		B85C6DCB2A40A26600C75377 /* Debug */ = {
			isa = XCBuildConfiguration;
			buildSettings = {
				ALWAYS_EMBED_SWIFT_STANDARD_LIBRARIES = YES;
				CODE_SIGN_STYLE = Automatic;
				CURRENT_PROJECT_VERSION = 1;
				DEVELOPMENT_TEAM = B9QUW9Z84N;
				GENERATE_INFOPLIST_FILE = YES;
				MARKETING_VERSION = 1.0;
				PRODUCT_BUNDLE_IDENTIFIER = TexnoPos.EssentialFeedUITests;
				PRODUCT_NAME = "$(TARGET_NAME)";
				SWIFT_EMIT_LOC_STRINGS = NO;
				SWIFT_VERSION = 5.0;
				TARGETED_DEVICE_FAMILY = "1,2";
				TEST_TARGET_NAME = EssentialFeed;
			};
			name = Debug;
		};
		B85C6DCC2A40A26600C75377 /* Release */ = {
			isa = XCBuildConfiguration;
			buildSettings = {
				ALWAYS_EMBED_SWIFT_STANDARD_LIBRARIES = YES;
				CODE_SIGN_STYLE = Automatic;
				CURRENT_PROJECT_VERSION = 1;
				DEVELOPMENT_TEAM = B9QUW9Z84N;
				GENERATE_INFOPLIST_FILE = YES;
				MARKETING_VERSION = 1.0;
				PRODUCT_BUNDLE_IDENTIFIER = TexnoPos.EssentialFeedUITests;
				PRODUCT_NAME = "$(TARGET_NAME)";
				SWIFT_EMIT_LOC_STRINGS = NO;
				SWIFT_VERSION = 5.0;
				TARGETED_DEVICE_FAMILY = "1,2";
				TEST_TARGET_NAME = EssentialFeed;
			};
			name = Release;
		};
/* End XCBuildConfiguration section */

/* Begin XCConfigurationList section */
		B85C6D952A40A26400C75377 /* Build configuration list for PBXProject "EssentialFeed" */ = {
			isa = XCConfigurationList;
			buildConfigurations = (
				B85C6DC22A40A26600C75377 /* Debug */,
				B85C6DC32A40A26600C75377 /* Release */,
			);
			defaultConfigurationIsVisible = 0;
			defaultConfigurationName = Release;
		};
		B85C6DC42A40A26600C75377 /* Build configuration list for PBXNativeTarget "EssentialFeed" */ = {
			isa = XCConfigurationList;
			buildConfigurations = (
				B85C6DC52A40A26600C75377 /* Debug */,
				B85C6DC62A40A26600C75377 /* Release */,
			);
			defaultConfigurationIsVisible = 0;
			defaultConfigurationName = Release;
		};
		B85C6DC72A40A26600C75377 /* Build configuration list for PBXNativeTarget "EssentialFeedTests" */ = {
			isa = XCConfigurationList;
			buildConfigurations = (
				B85C6DC82A40A26600C75377 /* Debug */,
				B85C6DC92A40A26600C75377 /* Release */,
			);
			defaultConfigurationIsVisible = 0;
			defaultConfigurationName = Release;
		};
		B85C6DCA2A40A26600C75377 /* Build configuration list for PBXNativeTarget "EssentialFeedUITests" */ = {
			isa = XCConfigurationList;
			buildConfigurations = (
				B85C6DCB2A40A26600C75377 /* Debug */,
				B85C6DCC2A40A26600C75377 /* Release */,
			);
			defaultConfigurationIsVisible = 0;
			defaultConfigurationName = Release;
		};
/* End XCConfigurationList section */
	};
	rootObject = B85C6D922A40A26400C75377 /* Project object */;
}
